github.com/AllenDang/cimgui-go v0.0.0-20220901092355-28028fdfe99d h1:sJxzeTRSEDcJT0todKnkaoUzHYIRIZCVc0ZLDBZmYnY=
github.com/AllenDang/cimgui-go v0.0.0-20220901092355-28028fdfe99d/go.mod h1:6CoDUSpl4YXEGn/Tb0Lu4752eBzcUA4QbZoSfoSzYJ4=
github.com/AllenDang/cimgui-go v0.0.0-20230502145512-97518c13c52b h1:EpLVWHcO5auIf8X0STrno4WAWThu6s6QgJ1ywJa5Tmo=
github.com/AllenDang/cimgui-go v0.0.0-20230502145512-97518c13c52b/go.mod h1:iNfbIyOBN8k3XScMxULbrwYbPsXEAUD0Jb6UwrspQb8=
github.com/go-gl/glfw v0.0.0-20220806181222-55e207c401ad h1:UTn6HRbV2fr8Rg1VVdST6kjjbjHrohfYzvqsXEpqBy8=
github.com/go-gl/glfw v0.0.0-20220806181222-55e207c401ad/go.mod h1:wyvWpaEu9B/VQiV1jsPs7Mha9I7yto/HqIBw197ZAzk=
github.com/go-gl/glfw v0.0.0-20221017161538-93cebf72946b h1:2hdUMUOJuLQkhaPAwoyOeSzoaBydYEkXkBEuqDuDBfg=
github.com/go-gl/glfw v0.0.0-20221017161538-93cebf72946b/go.mod h1:wyvWpaEu9B/VQiV1jsPs7Mha9I7yto/HqIBw197ZAzk=
github.com/go-gl/glfw/v3.3/glfw v0.0.0-20221017161538-93cebf72946b h1:GgabKamyOYguHqHjSkDACcgoPIz3w0Dis/zJ1wyHHHU=
github.com/go-gl/glfw/v3.3/glfw v0.0.0-20221017161538-93cebf72946b/go.mod h1:tQ2UAYgL5IevRw8kRxooKSPJfGvJ9fJQFa0TUsXzTg8=
